{
  "originHash" : "65c9d8fb674a5bebc583e5dcaa3f721ff62c7dc44c69e6e5f738fc2e0998dc1f",
  "pins" : [
    {
      "identity" : "capacitor-swift-pm",
      "kind" : "remoteSourceControl",
      "location" : "https://github.com/ionic-team/capacitor-swift-pm.git",
      "state" : {
        "revision" : "44ae2505f54a80c5e559533950886d0644fc2fca",
        "version" : "8.4.0"
      }
    },
    {
      "identity" : "ion-ios-filesystem",
      "kind" : "remoteSourceControl",
      "location" : "https://github.com/ionic-team/ion-ios-filesystem.git",
      "state" : {
        "revision" : "0d81e26e828ff9582807e2339112cedf2e0fab85",
        "version" : "1.1.2"
      }
    },
    {
      "identity" : "ion-ios-fileviewer",
      "kind" : "remoteSourceControl",
      "location" : "https://github.com/ionic-team/ion-ios-fileviewer.git",
      "state" : {
        "revision" : "e00a7f5ede0da6054d36b9913495ad18e887f5ab",
        "version" : "1.0.3"
      }
    }
  ],
  "version" : 3
}
